
Microsoft Visual Studio Solution File, Format Version 12.00
# Visual Studio Version 17
VisualStudioVersion = 17.6.33723.286
MinimumVisualStudioVersion = 10.0.40219.1
Project("{8BC9CEB8-8B4A-11D0-8D11-00A0C91BC942}") = "Juego", "Juego.vcxproj", "{F7519F52-E2EA-423F-8861-2A8B59753823}"
	ProjectSection(ProjectDependencies) = postProject
		{08C56054-EB04-4722-8939-ECB0269F9A96} = {08C56054-EB04-4722-8939-ECB0269F9A96}
	EndProjectSection
EndProject
Project("{8BC9CEB8-8B4A-11D0-8D11-00A0C91BC942}") = "Engine", "..\..\..\Engine\projects\visual-studio-2022\Engine.vcxproj", "{08C56054-EB04-4722-8939-ECB0269F9A96}"
EndProject
Global
	GlobalSection(SolutionConfigurationPlatforms) = preSolution
		Debug|x64 = Debug|x64
		Release|x64 = Release|x64
	EndGlobalSection
	GlobalSection(ProjectConfigurationPlatforms) = postSolution
		{F7519F52-E2EA-423F-8861-2A8B59753823}.Debug|x64.ActiveCfg = Debug|x64
		{F7519F52-E2EA-423F-8861-2A8B59753823}.Debug|x64.Build.0 = Debug|x64
		{F7519F52-E2EA-423F-8861-2A8B59753823}.Release|x64.ActiveCfg = Release|x64
		{F7519F52-E2EA-423F-8861-2A8B59753823}.Release|x64.Build.0 = Release|x64
		{08C56054-EB04-4722-8939-ECB0269F9A96}.Debug|x64.ActiveCfg = Debug|x64
		{08C56054-EB04-4722-8939-ECB0269F9A96}.Debug|x64.Build.0 = Debug|x64
		{08C56054-EB04-4722-8939-ECB0269F9A96}.Release|x64.ActiveCfg = Release|x64
		{08C56054-EB04-4722-8939-ECB0269F9A96}.Release|x64.Build.0 = Release|x64
	EndGlobalSection
	GlobalSection(SolutionProperties) = preSolution
		HideSolutionNode = FALSE
	EndGlobalSection
	GlobalSection(ExtensibilityGlobals) = postSolution
		SolutionGuid = {273232E5-B17E-4ECB-8591-E89F5367ADB8}
	EndGlobalSection
EndGlobal
